
Microsoft Visual Studio Solution File, Format Version 12.00
# Visual Studio Version 16
VisualStudioVersion = 16.0.31729.503
MinimumVisualStudioVersion = 10.0.40219.1
Project("{FAE04EC0-301F-11D3-BF4B-00C04F79EFBC}") = "Product498", "Product498\Product498.csproj", "{038AA8DD-2A46-4209-BD73-C421BBA05382}"
EndProject
Global
	GlobalSection(SolutionConfigurationPlatforms) = preSolution
		Debug|Any CPU = Debug|Any CPU
		Release|Any CPU = Release|Any CPU
	EndGlobalSection
	GlobalSection(ProjectConfigurationPlatforms) = postSolution
		{038AA8DD-2A46-4209-BD73-C421BBA05382}.Debug|Any CPU.ActiveCfg = Debug|Any CPU
		{038AA8DD-2A46-4209-BD73-C421BBA05382}.Debug|Any CPU.Build.0 = Debug|Any CPU
		{038AA8DD-2A46-4209-BD73-C421BBA05382}.Release|Any CPU.ActiveCfg = Release|Any CPU
		{038AA8DD-2A46-4209-BD73-C421BBA05382}.Release|Any CPU.Build.0 = Release|Any CPU
	EndGlobalSection
	GlobalSection(SolutionProperties) = preSolution
		HideSolutionNode = FALSE
	EndGlobalSection
	GlobalSection(ExtensibilityGlobals) = postSolution
		SolutionGuid = {27A09B9C-AAFA-4ADB-B8D2-F99933911A72}
	EndGlobalSection
EndGlobal
